
Microsoft Visual Studio Solution File, Format Version 12.00
# Visual Studio Version 17
VisualStudioVersion = 17.5.002.0
MinimumVisualStudioVersion = 10.0.40219.1
Project("{9A19103F-16F7-4668-BE54-9A1E7A4F7556}") = "PizzaStore", "PizzaStore\PizzaStore.csproj", "{80F68F6F-6C7E-4886-A221-947FC7CD2C15}"
EndProject
Global
	GlobalSection(SolutionConfigurationPlatforms) = preSolution
		Debug|Any CPU = Debug|Any CPU
		Release|Any CPU = Release|Any CPU
	EndGlobalSection
	GlobalSection(ProjectConfigurationPlatforms) = postSolution
		{80F68F6F-6C7E-4886-A221-947FC7CD2C15}.Debug|Any CPU.ActiveCfg = Debug|Any CPU
		{80F68F6F-6C7E-4886-A221-947FC7CD2C15}.Debug|Any CPU.Build.0 = Debug|Any CPU
		{80F68F6F-6C7E-4886-A221-947FC7CD2C15}.Release|Any CPU.ActiveCfg = Release|Any CPU
		{80F68F6F-6C7E-4886-A221-947FC7CD2C15}.Release|Any CPU.Build.0 = Release|Any CPU
	EndGlobalSection
	GlobalSection(SolutionProperties) = preSolution
		HideSolutionNode = FALSE
	EndGlobalSection
	GlobalSection(ExtensibilityGlobals) = postSolution
		SolutionGuid = {9588DD88-6D65-4ADE-99A7-A8F591C4A517}
	EndGlobalSection
EndGlobal
